// !$*UTF8*$!
{
	archiveVersion = 1;
	classes = {
	};
	objectVersion = 56;
	objects = {

/* Begin PBXBuildFile section */
		D9A34FCE2B5F4F2300E6529A /* oshikatsuApp.swift in Sources */ = {isa = PBXBuildFile; fileRef = D9A34FCD2B5F4F2300E6529A /* oshikatsuApp.swift */; };
		D9A34FD02B5F4F2300E6529A /* ContentView.swift in Sources */ = {isa = PBXBuildFile; fileRef = D9A34FCF2B5F4F2300E6529A /* ContentView.swift */; };
		D9A34FD22B5F4F2400E6529A /* Assets.xcassets in Resources */ = {isa = PBXBuildFile; fileRef = D9A34FD12B5F4F2400E6529A /* Assets.xcassets */; };
		D9A34FD52B5F4F2400E6529A /* Preview Assets.xcassets in Resources */ = {isa = PBXBuildFile; fileRef = D9A34FD42B5F4F2400E6529A /* Preview Assets.xcassets */; };
		D9A34FDC2B5F4F3600E6529A /* BackgroundView.swift in Sources */ = {isa = PBXBuildFile; fileRef = D9A34FDB2B5F4F3600E6529A /* BackgroundView.swift */; };
		D9A34FDE2B5F513F00E6529A /* LoginView.swift in Sources */ = {isa = PBXBuildFile; fileRef = D9A34FDD2B5F513F00E6529A /* LoginView.swift */; };
		D9A34FE02B5F52A000E6529A /* SignupView.swift in Sources */ = {isa = PBXBuildFile; fileRef = D9A34FDF2B5F52A000E6529A /* SignupView.swift */; };
		D9A34FE22B5F656D00E6529A /* OtpView.swift in Sources */ = {isa = PBXBuildFile; fileRef = D9A34FE12B5F656D00E6529A /* OtpView.swift */; };
		D9A34FE42B5F7C0900E6529A /* ListView.swift in Sources */ = {isa = PBXBuildFile; fileRef = D9A34FE32B5F7C0900E6529A /* ListView.swift */; };
		D9A34FE62B62447300E6529A /* SettingView.swift in Sources */ = {isa = PBXBuildFile; fileRef = D9A34FE52B62447300E6529A /* SettingView.swift */; };
		D9C0DE852B634A4700CA0A0A /* ProfileView.swift in Sources */ = {isa = PBXBuildFile; fileRef = D9C0DE842B634A4700CA0A0A /* ProfileView.swift */; };
		D9C0DE882B6352D500CA0A0A /* SwiftUIView.swift in Sources */ = {isa = PBXBuildFile; fileRef = D9C0DE872B6352D500CA0A0A /* SwiftUIView.swift */; };
		D9C0DE8C2B637DC200CA0A0A /* toorView.swift in Sources */ = {isa = PBXBuildFile; fileRef = D9C0DE8B2B637DC200CA0A0A /* toorView.swift */; };
		D9C0DE902B66D2EB00CA0A0A /* FavoriteView.swift in Sources */ = {isa = PBXBuildFile; fileRef = D9C0DE8F2B66D2EB00CA0A0A /* FavoriteView.swift */; };
		D9C0DE922B66D56A00CA0A0A /* OsuView.swift in Sources */ = {isa = PBXBuildFile; fileRef = D9C0DE912B66D56A00CA0A0A /* OsuView.swift */; };
		D9C0DE942B66E27A00CA0A0A /* tributeView.swift in Sources */ = {isa = PBXBuildFile; fileRef = D9C0DE932B66E27A00CA0A0A /* tributeView.swift */; };
		D9C0DE962B66EB3400CA0A0A /* CompletionView.swift in Sources */ = {isa = PBXBuildFile; fileRef = D9C0DE952B66EB3400CA0A0A /* CompletionView.swift */; };
/* End PBXBuildFile section */

/* Begin PBXFileReference section */
		D9A34FCA2B5F4F2300E6529A /* oshikatsu.app */ = {isa = PBXFileReference; explicitFileType = wrapper.application; includeInIndex = 0; path = oshikatsu.app; sourceTree = BUILT_PRODUCTS_DIR; };
		D9A34FCD2B5F4F2300E6529A /* oshikatsuApp.swift */ = {isa = PBXFileReference; lastKnownFileType = sourcecode.swift; path = oshikatsuApp.swift; sourceTree = "<group>"; };
		D9A34FCF2B5F4F2300E6529A /* ContentView.swift */ = {isa = PBXFileReference; lastKnownFileType = sourcecode.swift; path = ContentView.swift; sourceTree = "<group>"; };
		D9A34FD12B5F4F2400E6529A /* Assets.xcassets */ = {isa = PBXFileReference; lastKnownFileType = folder.assetcatalog; path = Assets.xcassets; sourceTree = "<group>"; };
		D9A34FD42B5F4F2400E6529A /* Preview Assets.xcassets */ = {isa = PBXFileReference; lastKnownFileType = folder.assetcatalog; path = "Preview Assets.xcassets"; sourceTree = "<group>"; };
		D9A34FDB2B5F4F3600E6529A /* BackgroundView.swift */ = {isa = PBXFileReference; lastKnownFileType = sourcecode.swift; path = BackgroundView.swift; sourceTree = "<group>"; };
		D9A34FDD2B5F513F00E6529A /* LoginView.swift */ = {isa = PBXFileReference; lastKnownFileType = sourcecode.swift; path = LoginView.swift; sourceTree = "<group>"; };
		D9A34FDF2B5F52A000E6529A /* SignupView.swift */ = {isa = PBXFileReference; lastKnownFileType = sourcecode.swift; path = SignupView.swift; sourceTree = "<group>"; };
		D9A34FE12B5F656D00E6529A /* OtpView.swift */ = {isa = PBXFileReference; lastKnownFileType = sourcecode.swift; path = OtpView.swift; sourceTree = "<group>"; };
		D9A34FE32B5F7C0900E6529A /* ListView.swift */ = {isa = PBXFileReference; lastKnownFileType = sourcecode.swift; path = ListView.swift; sourceTree = "<group>"; };
		D9A34FE52B62447300E6529A /* SettingView.swift */ = {isa = PBXFileReference; lastKnownFileType = sourcecode.swift; path = SettingView.swift; sourceTree = "<group>"; };
		D9C0DE842B634A4700CA0A0A /* ProfileView.swift */ = {isa = PBXFileReference; lastKnownFileType = sourcecode.swift; path = ProfileView.swift; sourceTree = "<group>"; };
		D9C0DE872B6352D500CA0A0A /* SwiftUIView.swift */ = {isa = PBXFileReference; lastKnownFileType = sourcecode.swift; path = SwiftUIView.swift; sourceTree = "<group>"; };
		D9C0DE8B2B637DC200CA0A0A /* toorView.swift */ = {isa = PBXFileReference; lastKnownFileType = sourcecode.swift; path = toorView.swift; sourceTree = "<group>"; };
		D9C0DE8F2B66D2EB00CA0A0A /* FavoriteView.swift */ = {isa = PBXFileReference; lastKnownFileType = sourcecode.swift; path = FavoriteView.swift; sourceTree = "<group>"; };
		D9C0DE912B66D56A00CA0A0A /* OsuView.swift */ = {isa = PBXFileReference; lastKnownFileType = sourcecode.swift; path = OsuView.swift; sourceTree = "<group>"; };
		D9C0DE932B66E27A00CA0A0A /* tributeView.swift */ = {isa = PBXFileReference; lastKnownFileType = sourcecode.swift; path = tributeView.swift; sourceTree = "<group>"; };
		D9C0DE952B66EB3400CA0A0A /* CompletionView.swift */ = {isa = PBXFileReference; lastKnownFileType = sourcecode.swift; path = CompletionView.swift; sourceTree = "<group>"; };
/* End PBXFileReference section */

/* Begin PBXFrameworksBuildPhase section */
		D9A34FC72B5F4F2300E6529A /* Frameworks */ = {
			isa = PBXFrameworksBuildPhase;
			buildActionMask = 2147483647;
			files = (
			);
			runOnlyForDeploymentPostprocessing = 0;
		};
/* End PBXFrameworksBuildPhase section */

/* Begin PBXGroup section */
		D9A34FC12B5F4F2300E6529A = {
			isa = PBXGroup;
			children = (
				D9A34FCC2B5F4F2300E6529A /* oshikatsu */,
				D9A34FCB2B5F4F2300E6529A /* Products */,
			);
			sourceTree = "<group>";
		};
		D9A34FCB2B5F4F2300E6529A /* Products */ = {
			isa = PBXGroup;
			children = (
				D9A34FCA2B5F4F2300E6529A /* oshikatsu.app */,
			);
			name = Products;
			sourceTree = "<group>";
		};
		D9A34FCC2B5F4F2300E6529A /* oshikatsu */ = {
			isa = PBXGroup;
			children = (
				D9A34FCD2B5F4F2300E6529A /* oshikatsuApp.swift */,
				D9A34FCF2B5F4F2300E6529A /* ContentView.swift */,
				D9A34FDF2B5F52A000E6529A /* SignupView.swift */,
				D9A34FDD2B5F513F00E6529A /* LoginView.swift */,
				D9A34FE12B5F656D00E6529A /* OtpView.swift */,
				D9A34FE32B5F7C0900E6529A /* ListView.swift */,
				D9C0DE842B634A4700CA0A0A /* ProfileView.swift */,
				D9A34FE52B62447300E6529A /* SettingView.swift */,
				D9C0DE8F2B66D2EB00CA0A0A /* FavoriteView.swift */,
				D9C0DE912B66D56A00CA0A0A /* OsuView.swift */,
				D9C0DE932B66E27A00CA0A0A /* tributeView.swift */,
				D9C0DE952B66EB3400CA0A0A /* CompletionView.swift */,
				D9A34FDB2B5F4F3600E6529A /* BackgroundView.swift */,
				D9C0DE8B2B637DC200CA0A0A /* toorView.swift */,
				D9C0DE872B6352D500CA0A0A /* SwiftUIView.swift */,
				D9A34FD12B5F4F2400E6529A /* Assets.xcassets */,
				D9A34FD32B5F4F2400E6529A /* Preview Content */,
			);
			path = oshikatsu;
			sourceTree = "<group>";
		};
		D9A34FD32B5F4F2400E6529A /* Preview Content */ = {
			isa = PBXGroup;
			children = (
				D9A34FD42B5F4F2400E6529A /* Preview Assets.xcassets */,
			);
			path = "Preview Content";
			sourceTree = "<group>";
		};
/* End PBXGroup section */

/* Begin PBXNativeTarget section */
		D9A34FC92B5F4F2300E6529A /* oshikatsu */ = {
			isa = PBXNativeTarget;
			buildConfigurationList = D9A34FD82B5F4F2400E6529A /* Build configuration list for PBXNativeTarget "oshikatsu" */;
			buildPhases = (
				D9A34FC62B5F4F2300E6529A /* Sources */,
				D9A34FC72B5F4F2300E6529A /* Frameworks */,
				D9A34FC82B5F4F2300E6529A /* Resources */,
			);
			buildRules = (
			);
			dependencies = (
			);
			name = oshikatsu;
			productName = oshikatsu;
			productReference = D9A34FCA2B5F4F2300E6529A /* oshikatsu.app */;
			productType = "com.apple.product-type.application";
		};
/* End PBXNativeTarget section */

/* Begin PBXProject section */
		D9A34FC22B5F4F2300E6529A /* Project object */ = {
			isa = PBXProject;
			attributes = {
				BuildIndependentTargetsInParallel = 1;
				LastSwiftUpdateCheck = 1520;
				LastUpgradeCheck = 1520;
				TargetAttributes = {
					D9A34FC92B5F4F2300E6529A = {
						CreatedOnToolsVersion = 15.2;
					};
				};
			};
			buildConfigurationList = D9A34FC52B5F4F2300E6529A /* Build configuration list for PBXProject "oshikatsu" */;
			compatibilityVersion = "Xcode 14.0";
			developmentRegion = en;
			hasScannedForEncodings = 0;
			knownRegions = (
				en,
				Base,
			);
			mainGroup = D9A34FC12B5F4F2300E6529A;
			productRefGroup = D9A34FCB2B5F4F2300E6529A /* Products */;
			projectDirPath = "";
			projectRoot = "";
			targets = (
				D9A34FC92B5F4F2300E6529A /* oshikatsu */,
			);
		};
/* End PBXProject section */

/* Begin PBXResourcesBuildPhase section */
		D9A34FC82B5F4F2300E6529A /* Resources */ = {
			isa = PBXResourcesBuildPhase;
			buildActionMask = 2147483647;
			files = (
				D9A34FD52B5F4F2400E6529A /* Preview Assets.xcassets in Resources */,
				D9A34FD22B5F4F2400E6529A /* Assets.xcassets in Resources */,
			);
			runOnlyForDeploymentPostprocessing = 0;
		};
/* End PBXResourcesBuildPhase section */

/* Begin PBXSourcesBuildPhase section */
		D9A34FC62B5F4F2300E6529A /* Sources */ = {
			isa = PBXSourcesBuildPhase;
			buildActionMask = 2147483647;
			files = (
				D9C0DE8C2B637DC200CA0A0A /* toorView.swift in Sources */,
				D9A34FDC2B5F4F3600E6529A /* BackgroundView.swift in Sources */,
				D9A34FD02B5F4F2300E6529A /* ContentView.swift in Sources */,
				D9C0DE882B6352D500CA0A0A /* SwiftUIView.swift in Sources */,
				D9A34FE22B5F656D00E6529A /* OtpView.swift in Sources */,
				D9C0DE962B66EB3400CA0A0A /* CompletionView.swift in Sources */,
				D9A34FE42B5F7C0900E6529A /* ListView.swift in Sources */,
				D9A34FDE2B5F513F00E6529A /* LoginView.swift in Sources */,
				D9A34FE62B62447300E6529A /* SettingView.swift in Sources */,
				D9C0DE922B66D56A00CA0A0A /* OsuView.swift in Sources */,
				D9C0DE942B66E27A00CA0A0A /* tributeView.swift in Sources */,
				D9C0DE902B66D2EB00CA0A0A /* FavoriteView.swift in Sources */,
				D9A34FCE2B5F4F2300E6529A /* oshikatsuApp.swift in Sources */,
				D9A34FE02B5F52A000E6529A /* SignupView.swift in Sources */,
				D9C0DE852B634A4700CA0A0A /* ProfileView.swift in Sources */,
			);
			runOnlyForDeploymentPostprocessing = 0;
		};
/* End PBXSourcesBuildPhase section */

/* Begin XCBuildConfiguration section */
		D9A34FD62B5F4F2400E6529A /* Debug */ = {
			isa = XCBuildConfiguration;
			buildSettings = {
				ALWAYS_SEARCH_USER_PATHS = NO;
				ASSETCATALOG_COMPILER_GENERATE_SWIFT_ASSET_SYMBOL_EXTENSIONS = YES;
				CLANG_ANALYZER_NONNULL = YES;
				CLANG_ANALYZER_NUMBER_OBJECT_CONVERSION = YES_AGGRESSIVE;
				CLANG_CXX_LANGUAGE_STANDARD = "gnu++20";
				CLANG_ENABLE_MODULES = YES;
				CLANG_ENABLE_OBJC_ARC = YES;
				CLANG_ENABLE_OBJC_WEAK = YES;
				CLANG_WARN_BLOCK_CAPTURE_AUTORELEASING = YES;
				CLANG_WARN_BOOL_CONVERSION = YES;
				CLANG_WARN_COMMA = YES;
				CLANG_WARN_CONSTANT_CONVERSION = YES;
				CLANG_WARN_DEPRECATED_OBJC_IMPLEMENTATIONS = YES;
				CLANG_WARN_DIRECT_OBJC_ISA_USAGE = YES_ERROR;
				CLANG_WARN_DOCUMENTATION_COMMENTS = YES;
				CLANG_WARN_EMPTY_BODY = YES;
				CLANG_WARN_ENUM_CONVERSION = YES;
				CLANG_WARN_INFINITE_RECURSION = YES;
				CLANG_WARN_INT_CONVERSION = YES;
				CLANG_WARN_NON_LITERAL_NULL_CONVERSION = YES;
				CLANG_WARN_OBJC_IMPLICIT_RETAIN_SELF = YES;
				CLANG_WARN_OBJC_LITERAL_CONVERSION = YES;
				CLANG_WARN_OBJC_ROOT_CLASS = YES_ERROR;
				CLANG_WARN_QUOTED_INCLUDE_IN_FRAMEWORK_HEADER = YES;
				CLANG_WARN_RANGE_LOOP_ANALYSIS = YES;
				CLANG_WARN_STRICT_PROTOTYPES = YES;
				CLANG_WARN_SUSPICIOUS_MOVE = YES;
				CLANG_WARN_UNGUARDED_AVAILABILITY = YES_AGGRESSIVE;
				CLANG_WARN_UNREACHABLE_CODE = YES;
				CLANG_WARN__DUPLICATE_METHOD_MATCH = YES;
				COPY_PHASE_STRIP = NO;
				DEBUG_INFORMATION_FORMAT = dwarf;
				ENABLE_STRICT_OBJC_MSGSEND = YES;
				ENABLE_TESTABILITY = YES;
				ENABLE_USER_SCRIPT_SANDBOXING = YES;
				GCC_C_LANGUAGE_STANDARD = gnu17;
				GCC_DYNAMIC_NO_PIC = NO;
				GCC_NO_COMMON_BLOCKS = YES;
				GCC_OPTIMIZATION_LEVEL = 0;
				GCC_PREPROCESSOR_DEFINITIONS = (
					"DEBUG=1",
					"$(inherited)",
				);
				GCC_WARN_64_TO_32_BIT_CONVERSION = YES;
				GCC_WARN_ABOUT_RETURN_TYPE = YES_ERROR;
				GCC_WARN_UNDECLARED_SELECTOR = YES;
				GCC_WARN_UNINITIALIZED_AUTOS = YES_AGGRESSIVE;
				GCC_WARN_UNUSED_FUNCTION = YES;
				GCC_WARN_UNUSED_VARIABLE = YES;
				IPHONEOS_DEPLOYMENT_TARGET = 17.2;
				LOCALIZATION_PREFERS_STRING_CATALOGS = YES;
				MTL_ENABLE_DEBUG_INFO = INCLUDE_SOURCE;
				MTL_FAST_MATH = YES;
				ONLY_ACTIVE_ARCH = YES;
				SDKROOT = iphoneos;
				SWIFT_ACTIVE_COMPILATION_CONDITIONS = "DEBUG $(inherited)";
				SWIFT_OPTIMIZATION_LEVEL = "-Onone";
			};
			name = Debug;
		};
		D9A34FD72B5F4F2400E6529A /* Release */ = {
			isa = XCBuildConfiguration;
			buildSettings = {
				ALWAYS_SEARCH_USER_PATHS = NO;
				ASSETCATALOG_COMPILER_GENERATE_SWIFT_ASSET_SYMBOL_EXTENSIONS = YES;
				CLANG_ANALYZER_NONNULL = YES;
				CLANG_ANALYZER_NUMBER_OBJECT_CONVERSION = YES_AGGRESSIVE;
				CLANG_CXX_LANGUAGE_STANDARD = "gnu++20";
				CLANG_ENABLE_MODULES = YES;
				CLANG_ENABLE_OBJC_ARC = YES;
				CLANG_ENABLE_OBJC_WEAK = YES;
				CLANG_WARN_BLOCK_CAPTURE_AUTORELEASING = YES;
				CLANG_WARN_BOOL_CONVERSION = YES;
				CLANG_WARN_COMMA = YES;
				CLANG_WARN_CONSTANT_CONVERSION = YES;
				CLANG_WARN_DEPRECATED_OBJC_IMPLEMENTATIONS = YES;
				CLANG_WARN_DIRECT_OBJC_ISA_USAGE = YES_ERROR;
				CLANG_WARN_DOCUMENTATION_COMMENTS = YES;
				CLANG_WARN_EMPTY_BODY = YES;
				CLANG_WARN_ENUM_CONVERSION = YES;
				CLANG_WARN_INFINITE_RECURSION = YES;
				CLANG_WARN_INT_CONVERSION = YES;
				CLANG_WARN_NON_LITERAL_NULL_CONVERSION = YES;
				CLANG_WARN_OBJC_IMPLICIT_RETAIN_SELF = YES;
				CLANG_WARN_OBJC_LITERAL_CONVERSION = YES;
				CLANG_WARN_OBJC_ROOT_CLASS = YES_ERROR;
				CLANG_WARN_QUOTED_INCLUDE_IN_FRAMEWORK_HEADER = YES;
				CLANG_WARN_RANGE_LOOP_ANALYSIS = YES;
				CLANG_WARN_STRICT_PROTOTYPES = YES;
				CLANG_WARN_SUSPICIOUS_MOVE = YES;
				CLANG_WARN_UNGUARDED_AVAILABILITY = YES_AGGRESSIVE;
				CLANG_WARN_UNREACHABLE_CODE = YES;
				CLANG_WARN__DUPLICATE_METHOD_MATCH = YES;
				COPY_PHASE_STRIP = NO;
				DEBUG_INFORMATION_FORMAT = "dwarf-with-dsym";
				ENABLE_NS_ASSERTIONS = NO;
				ENABLE_STRICT_OBJC_MSGSEND = YES;
				ENABLE_USER_SCRIPT_SANDBOXING = YES;
				GCC_C_LANGUAGE_STANDARD = gnu17;
				GCC_NO_COMMON_BLOCKS = YES;
				GCC_WARN_64_TO_32_BIT_CONVERSION = YES;
				GCC_WARN_ABOUT_RETURN_TYPE = YES_ERROR;
				GCC_WARN_UNDECLARED_SELECTOR = YES;
				GCC_WARN_UNINITIALIZED_AUTOS = YES_AGGRESSIVE;
				GCC_WARN_UNUSED_FUNCTION = YES;
				GCC_WARN_UNUSED_VARIABLE = YES;
				IPHONEOS_DEPLOYMENT_TARGET = 17.2;
				LOCALIZATION_PREFERS_STRING_CATALOGS = YES;
				MTL_ENABLE_DEBUG_INFO = NO;
				MTL_FAST_MATH = YES;
				SDKROOT = iphoneos;
				SWIFT_COMPILATION_MODE = wholemodule;
				VALIDATE_PRODUCT = YES;
			};
			name = Release;
		};
		D9A34FD92B5F4F2400E6529A /* Debug */ = {
			isa = XCBuildConfiguration;
			buildSettings = {
				ASSETCATALOG_COMPILER_APPICON_NAME = AppIcon;
				ASSETCATALOG_COMPILER_GLOBAL_ACCENT_COLOR_NAME = AccentColor;
				CODE_SIGN_STYLE = Automatic;
				CURRENT_PROJECT_VERSION = 1;
				DEVELOPMENT_ASSET_PATHS = "\"oshikatsu/Preview Content\"";
				ENABLE_PREVIEWS = YES;
				GENERATE_INFOPLIST_FILE = YES;
				INFOPLIST_KEY_UIApplicationSceneManifest_Generation = YES;
				INFOPLIST_KEY_UIApplicationSupportsIndirectInputEvents = YES;
				INFOPLIST_KEY_UILaunchScreen_Generation = YES;
				INFOPLIST_KEY_UISupportedInterfaceOrientations_iPad = "UIInterfaceOrientationPortrait UIInterfaceOrientationPortraitUpsideDown UIInterfaceOrientationLandscapeLeft UIInterfaceOrientationLandscapeRight";
				INFOPLIST_KEY_UISupportedInterfaceOrientations_iPhone = "UIInterfaceOrientationPortrait UIInterfaceOrientationLandscapeLeft UIInterfaceOrientationLandscapeRight";
				LD_RUNPATH_SEARCH_PATHS = (
					"$(inherited)",
					"@executable_path/Frameworks",
				);
				MARKETING_VERSION = 1.0;
				PRODUCT_BUNDLE_IDENTIFIER = com.NG.oshikatsu;
				PRODUCT_NAME = "$(TARGET_NAME)";
				SWIFT_EMIT_LOC_STRINGS = YES;
				SWIFT_VERSION = 5.0;
				TARGETED_DEVICE_FAMILY = "1,2";
			};
			name = Debug;
		};
		D9A34FDA2B5F4F2400E6529A /* Release */ = {
			isa = XCBuildConfiguration;
			buildSettings = {
				ASSETCATALOG_COMPILER_APPICON_NAME = AppIcon;
				ASSETCATALOG_COMPILER_GLOBAL_ACCENT_COLOR_NAME = AccentColor;
				CODE_SIGN_STYLE = Automatic;
				CURRENT_PROJECT_VERSION = 1;
				DEVELOPMENT_ASSET_PATHS = "\"oshikatsu/Preview Content\"";
				ENABLE_PREVIEWS = YES;
				GENERATE_INFOPLIST_FILE = YES;
				INFOPLIST_KEY_UIApplicationSceneManifest_Generation = YES;
				INFOPLIST_KEY_UIApplicationSupportsIndirectInputEvents = YES;
				INFOPLIST_KEY_UILaunchScreen_Generation = YES;
				INFOPLIST_KEY_UISupportedInterfaceOrientations_iPad = "UIInterfaceOrientationPortrait UIInterfaceOrientationPortraitUpsideDown UIInterfaceOrientationLandscapeLeft UIInterfaceOrientationLandscapeRight";
				INFOPLIST_KEY_UISupportedInterfaceOrientations_iPhone = "UIInterfaceOrientationPortrait UIInterfaceOrientationLandscapeLeft UIInterfaceOrientationLandscapeRight";
				LD_RUNPATH_SEARCH_PATHS = (
					"$(inherited)",
					"@executable_path/Frameworks",
				);
				MARKETING_VERSION = 1.0;
				PRODUCT_BUNDLE_IDENTIFIER = com.NG.oshikatsu;
				PRODUCT_NAME = "$(TARGET_NAME)";
				SWIFT_EMIT_LOC_STRINGS = YES;
				SWIFT_VERSION = 5.0;
				TARGETED_DEVICE_FAMILY = "1,2";
			};
			name = Release;
		};
/* End XCBuildConfiguration section */

/* Begin XCConfigurationList section */
		D9A34FC52B5F4F2300E6529A /* Build configuration list for PBXProject "oshikatsu" */ = {
			isa = XCConfigurationList;
			buildConfigurations = (
				D9A34FD62B5F4F2400E6529A /* Debug */,
				D9A34FD72B5F4F2400E6529A /* Release */,
			);
			defaultConfigurationIsVisible = 0;
			defaultConfigurationName = Release;
		};
		D9A34FD82B5F4F2400E6529A /* Build configuration list for PBXNativeTarget "oshikatsu" */ = {
			isa = XCConfigurationList;
			buildConfigurations = (
				D9A34FD92B5F4F2400E6529A /* Debug */,
				D9A34FDA2B5F4F2400E6529A /* Release */,
			);
			defaultConfigurationIsVisible = 0;
			defaultConfigurationName = Release;
		};
/* End XCConfigurationList section */
	};
	rootObject = D9A34FC22B5F4F2300E6529A /* Project object */;
}
